
Microsoft Visual Studio Solution File, Format Version 12.00
# Visual Studio Version 16
VisualStudioVersion = 16.0.30503.244
MinimumVisualStudioVersion = 10.0.40219.1
Project("{9A19103F-16F7-4668-BE54-9A1E7A4F7556}") = "WeatherBot01", "WeatherBot01\WeatherBot01.csproj", "{1B2A988D-F759-44AF-8DFC-99D4AEE20952}"
EndProject
Global
	GlobalSection(SolutionConfigurationPlatforms) = preSolution
		Debug|Any CPU = Debug|Any CPU
		Release|Any CPU = Release|Any CPU
	EndGlobalSection
	GlobalSection(ProjectConfigurationPlatforms) = postSolution
		{1B2A988D-F759-44AF-8DFC-99D4AEE20952}.Debug|Any CPU.ActiveCfg = Debug|Any CPU
		{1B2A988D-F759-44AF-8DFC-99D4AEE20952}.Debug|Any CPU.Build.0 = Debug|Any CPU
		{1B2A988D-F759-44AF-8DFC-99D4AEE20952}.Release|Any CPU.ActiveCfg = Release|Any CPU
		{1B2A988D-F759-44AF-8DFC-99D4AEE20952}.Release|Any CPU.Build.0 = Release|Any CPU
	EndGlobalSection
	GlobalSection(SolutionProperties) = preSolution
		HideSolutionNode = FALSE
	EndGlobalSection
	GlobalSection(ExtensibilityGlobals) = postSolution
		SolutionGuid = {57D13D29-771B-4514-87BC-E513C19F174E}
	EndGlobalSection
EndGlobal
